{"format_version":"1.2","terraform_version":"1.8.0","planned_values":{"root_module":{"resources":[{"address":"aws_s3_bucket.dev_s3","mode":"managed","type":"aws_s3_bucket","name":"dev_s3","provider_name":"registry.terraform.io/hashicorp/aws","schema_version":0,"values":{"acl":"public-read-write","bucket_prefix":"dev-","force_destroy":false,"tags":null,"timeouts":null},"sensitive_values":{"cors_rule":[],"grant":[],"lifecycle_rule":[],"logging":[],"object_lock_configuration":[],"replication_configuration":[],"server_side_encryption_configuration":[],"tags_all":{},"versioning":[],"website":[]}},{"address":"aws_s3_bucket_ownership_controls.dev_s3_boc","mode":"managed","type":"aws_s3_bucket_ownership_controls","name":"dev_s3_boc","provider_name":"registry.terraform.io/hashicorp/aws","schema_version":0,"values":{"rule":[{"object_ownership":"BucketOwnerPreferred"}]},"sensitive_values":{"rule":[{}]}}]}},"resource_changes":[{"address":"aws_s3_bucket.dev_s3","mode":"managed","type":"aws_s3_bucket","name":"dev_s3","provider_name":"registry.terraform.io/hashicorp/aws","change":{"actions":["create"],"before":null,"after":{"acl":"public-read-write","bucket_prefix":"dev-","force_destroy":false,"tags":null,"timeouts":null},"after_unknown":{"acceleration_status":true,"arn":true,"bucket":true,"bucket_domain_name":true,"bucket_regional_domain_name":true,"cors_rule":true,"grant":true,"hosted_zone_id":true,"id":true,"lifecycle_rule":true,"logging":true,"object_lock_configuration":true,"object_lock_enabled":true,"policy":true,"region":true,"replication_configuration":true,"request_payer":true,"server_side_encryption_configuration":true,"tags_all":true,"versioning":true,"website":true,"website_domain":true,"website_endpoint":true},"before_sensitive":false,"after_sensitive":{"cors_rule":[],"grant":[],"lifecycle_rule":[],"logging":[],"object_lock_configuration":[],"replication_configuration":[],"server_side_encryption_configuration":[],"tags_all":{},"versioning":[],"website":[]}}},{"address":"aws_s3_bucket_ownership_controls.dev_s3_boc","mode":"managed","type":"aws_s3_bucket_ownership_controls","name":"dev_s3_boc","provider_name":"registry.terraform.io/hashicorp/aws","change":{"actions":["create"],"before":null,"after":{"rule":[{"object_ownership":"BucketOwnerPreferred"}]},"after_unknown":{"bucket":true,"id":true,"rule":[{}]},"before_sensitive":false,"after_sensitive":{"rule":[{}]}}}],"configuration":{"provider_config":{"aws":{"name":"aws","full_name":"registry.terraform.io/hashicorp/aws","expressions":{"access_key":{"constant_value":"mock_access_key"},"region":{"constant_value":"us-west-2"},"secret_key":{"constant_value":"mock_secret_key"},"skip_credentials_validation":{"constant_value":true},"skip_metadata_api_check":{"constant_value":true},"skip_requesting_account_id":{"constant_value":true}}}},"root_module":{"resources":[{"address":"aws_s3_bucket.dev_s3","mode":"managed","type":"aws_s3_bucket","name":"dev_s3","provider_config_key":"aws","expressions":{"acl":{"constant_value":"public-read-write"},"bucket_prefix":{"constant_value":"dev-"}},"schema_version":0},{"address":"aws_s3_bucket_ownership_controls.dev_s3_boc","mode":"managed","type":"aws_s3_bucket_ownership_controls","name":"dev_s3_boc","provider_config_key":"aws","expressions":{"bucket":{"references":["aws_s3_bucket.dev_s3.id","aws_s3_bucket.dev_s3"]},"rule":[{"object_ownership":{"constant_value":"BucketOwnerPreferred"}}]},"schema_version":0}]}},"relevant_attributes":[{"resource":"aws_s3_bucket.dev_s3","attribute":["id"]}],"timestamp":"2024-04-15T21:31:09Z","applyable":true,"complete":true,"errored":false}
